
Microsoft Visual Studio Solution File, Format Version 12.00
# Visual Studio Version 17
VisualStudioVersion = 17.5.33414.496
MinimumVisualStudioVersion = 10.0.40219.1
Project("{FAE04EC0-301F-11D3-BF4B-00C04F79EFBC}") = "Desafio1", "Desafio1\Desafio1.csproj", "{7D7C4D77-B4EF-4BB6-8603-9162862B0112}"
EndProject
Global
	GlobalSection(SolutionConfigurationPlatforms) = preSolution
		Debug|Any CPU = Debug|Any CPU
		Release|Any CPU = Release|Any CPU
	EndGlobalSection
	GlobalSection(ProjectConfigurationPlatforms) = postSolution
		{7D7C4D77-B4EF-4BB6-8603-9162862B0112}.Debug|Any CPU.ActiveCfg = Debug|Any CPU
		{7D7C4D77-B4EF-4BB6-8603-9162862B0112}.Debug|Any CPU.Build.0 = Debug|Any CPU
		{7D7C4D77-B4EF-4BB6-8603-9162862B0112}.Release|Any CPU.ActiveCfg = Release|Any CPU
		{7D7C4D77-B4EF-4BB6-8603-9162862B0112}.Release|Any CPU.Build.0 = Release|Any CPU
	EndGlobalSection
	GlobalSection(SolutionProperties) = preSolution
		HideSolutionNode = FALSE
	EndGlobalSection
	GlobalSection(ExtensibilityGlobals) = postSolution
		SolutionGuid = {A9848127-584D-4D42-85D6-DB211B745287}
	EndGlobalSection
EndGlobal
